
Microsoft Visual Studio Solution File, Format Version 12.00
# Visual Studio Version 16
VisualStudioVersion = 16.0.29728.190
MinimumVisualStudioVersion = 10.0.40219.1
Project("{9A19103F-16F7-4668-BE54-9A1E7A4F7556}") = "home.api", "home.api\home.api.csproj", "{1F2C7F92-A635-494A-B535-2D4C82877050}"
EndProject
Project("{9A19103F-16F7-4668-BE54-9A1E7A4F7556}") = "home.dbhelper", "home.dbhelper\home.dbhelper.csproj", "{66E8E3C1-7C49-4777-9137-8DCF6F90B516}"
EndProject
Project("{FAE04EC0-301F-11D3-BF4B-00C04F79EFBC}") = "home.commonfunc", "home.commonfunc\home.commonfunc.csproj", "{E803A446-FB9E-4278-9147-8716A40DC443}"
EndProject
Global
	GlobalSection(SolutionConfigurationPlatforms) = preSolution
		Debug|Any CPU = Debug|Any CPU
		Release|Any CPU = Release|Any CPU
	EndGlobalSection
	GlobalSection(ProjectConfigurationPlatforms) = postSolution
		{1F2C7F92-A635-494A-B535-2D4C82877050}.Debug|Any CPU.ActiveCfg = Debug|Any CPU
		{1F2C7F92-A635-494A-B535-2D4C82877050}.Debug|Any CPU.Build.0 = Debug|Any CPU
		{1F2C7F92-A635-494A-B535-2D4C82877050}.Release|Any CPU.ActiveCfg = Release|Any CPU
		{1F2C7F92-A635-494A-B535-2D4C82877050}.Release|Any CPU.Build.0 = Release|Any CPU
		{66E8E3C1-7C49-4777-9137-8DCF6F90B516}.Debug|Any CPU.ActiveCfg = Debug|Any CPU
		{66E8E3C1-7C49-4777-9137-8DCF6F90B516}.Debug|Any CPU.Build.0 = Debug|Any CPU
		{66E8E3C1-7C49-4777-9137-8DCF6F90B516}.Release|Any CPU.ActiveCfg = Release|Any CPU
		{66E8E3C1-7C49-4777-9137-8DCF6F90B516}.Release|Any CPU.Build.0 = Release|Any CPU
		{E803A446-FB9E-4278-9147-8716A40DC443}.Debug|Any CPU.ActiveCfg = Debug|Any CPU
		{E803A446-FB9E-4278-9147-8716A40DC443}.Debug|Any CPU.Build.0 = Debug|Any CPU
		{E803A446-FB9E-4278-9147-8716A40DC443}.Release|Any CPU.ActiveCfg = Release|Any CPU
		{E803A446-FB9E-4278-9147-8716A40DC443}.Release|Any CPU.Build.0 = Release|Any CPU
	EndGlobalSection
	GlobalSection(SolutionProperties) = preSolution
		HideSolutionNode = FALSE
	EndGlobalSection
	GlobalSection(ExtensibilityGlobals) = postSolution
		SolutionGuid = {2E38F1D1-6AFF-4720-BDD2-19CCCFBA22E6}
	EndGlobalSection
EndGlobal
